// !$*UTF8*$!
{
	archiveVersion = 1;
	classes = {
	};
	objectVersion = 46;
	objects = {

/* Begin PBXBuildFile section */
		687EB58B1C302634006E849D /* AppDelegate.m in Sources */ = {isa = PBXBuildFile; fileRef = 687EB58A1C302634006E849D /* AppDelegate.m */; };
		687EB58E1C302634006E849D /* main.m in Sources */ = {isa = PBXBuildFile; fileRef = 687EB58D1C302634006E849D /* main.m */; };
		687EB5901C302634006E849D /* Assets.xcassets in Resources */ = {isa = PBXBuildFile; fileRef = 687EB58F1C302634006E849D /* Assets.xcassets */; };
		687EB5931C302634006E849D /* MainMenu.xib in Resources */ = {isa = PBXBuildFile; fileRef = 687EB5911C302634006E849D /* MainMenu.xib */; };
/* End PBXBuildFile section */

/* Begin PBXFileReference section */
		687EB5861C302634006E849D /* graphics_osx.app */ = {isa = PBXFileReference; explicitFileType = wrapper.application; includeInIndex = 0; path = graphics_osx.app; sourceTree = BUILT_PRODUCTS_DIR; };
		687EB5891C302634006E849D /* AppDelegate.h */ = {isa = PBXFileReference; lastKnownFileType = sourcecode.c.h; path = AppDelegate.h; sourceTree = "<group>"; };
		687EB58A1C302634006E849D /* AppDelegate.m */ = {isa = PBXFileReference; lastKnownFileType = sourcecode.c.objc; path = AppDelegate.m; sourceTree = "<group>"; };
		687EB58D1C302634006E849D /* main.m */ = {isa = PBXFileReference; lastKnownFileType = sourcecode.c.objc; path = main.m; sourceTree = "<group>"; };
		687EB58F1C302634006E849D /* Assets.xcassets */ = {isa = PBXFileReference; lastKnownFileType = folder.assetcatalog; path = Assets.xcassets; sourceTree = "<group>"; };
		687EB5921C302634006E849D /* Base */ = {isa = PBXFileReference; lastKnownFileType = file.xib; name = Base; path = Base.lproj/MainMenu.xib; sourceTree = "<group>"; };
		687EB5941C302634006E849D /* Info.plist */ = {isa = PBXFileReference; lastKnownFileType = text.plist.xml; path = Info.plist; sourceTree = "<group>"; };
/* End PBXFileReference section */

/* Begin PBXFrameworksBuildPhase section */
		687EB5831C302634006E849D /* Frameworks */ = {
			isa = PBXFrameworksBuildPhase;
			buildActionMask = 2147483647;
			files = (
			);
			runOnlyForDeploymentPostprocessing = 0;
		};
/* End PBXFrameworksBuildPhase section */

/* Begin PBXGroup section */
		687EB57D1C302634006E849D = {
			isa = PBXGroup;
			children = (
				687EB5881C302634006E849D /* graphics_osx */,
				687EB5871C302634006E849D /* Products */,
			);
			sourceTree = "<group>";
		};
		687EB5871C302634006E849D /* Products */ = {
			isa = PBXGroup;
			children = (
				687EB5861C302634006E849D /* graphics_osx.app */,
			);
			name = Products;
			sourceTree = "<group>";
		};
		687EB5881C302634006E849D /* graphics_osx */ = {
			isa = PBXGroup;
			children = (
				687EB5891C302634006E849D /* AppDelegate.h */,
				687EB58A1C302634006E849D /* AppDelegate.m */,
				687EB58F1C302634006E849D /* Assets.xcassets */,
				687EB5911C302634006E849D /* MainMenu.xib */,
				687EB5941C302634006E849D /* Info.plist */,
				687EB58C1C302634006E849D /* Supporting Files */,
			);
			path = graphics_osx;
			sourceTree = "<group>";
		};
		687EB58C1C302634006E849D /* Supporting Files */ = {
			isa = PBXGroup;
			children = (
				687EB58D1C302634006E849D /* main.m */,
			);
			name = "Supporting Files";
			sourceTree = "<group>";
		};
/* End PBXGroup section */

/* Begin PBXNativeTarget section */
		687EB5851C302634006E849D /* graphics_osx */ = {
			isa = PBXNativeTarget;
			buildConfigurationList = 687EB5971C302634006E849D /* Build configuration list for PBXNativeTarget "graphics_osx" */;
			buildPhases = (
				687EB5821C302634006E849D /* Sources */,
				687EB5831C302634006E849D /* Frameworks */,
				687EB5841C302634006E849D /* Resources */,
			);
			buildRules = (
			);
			dependencies = (
			);
			name = graphics_osx;
			productName = graphics_osx;
			productReference = 687EB5861C302634006E849D /* graphics_osx.app */;
			productType = "com.apple.product-type.application";
		};
/* End PBXNativeTarget section */

/* Begin PBXProject section */
		687EB57E1C302634006E849D /* Project object */ = {
			isa = PBXProject;
			attributes = {
				LastUpgradeCheck = 0720;
				TargetAttributes = {
					687EB5851C302634006E849D = {
						CreatedOnToolsVersion = 7.2;
					};
				};
			};
			buildConfigurationList = 687EB5811C302634006E849D /* Build configuration list for PBXProject "graphics_osx" */;
			compatibilityVersion = "Xcode 3.2";
			developmentRegion = English;
			hasScannedForEncodings = 0;
			knownRegions = (
				en,
				Base,
			);
			mainGroup = 687EB57D1C302634006E849D;
			productRefGroup = 687EB5871C302634006E849D /* Products */;
			projectDirPath = "";
			projectRoot = "";
			targets = (
				687EB5851C302634006E849D /* graphics_osx */,
			);
		};
/* End PBXProject section */

/* Begin PBXResourcesBuildPhase section */
		687EB5841C302634006E849D /* Resources */ = {
			isa = PBXResourcesBuildPhase;
			buildActionMask = 2147483647;
			files = (
				687EB5901C302634006E849D /* Assets.xcassets in Resources */,
				687EB5931C302634006E849D /* MainMenu.xib in Resources */,
			);
			runOnlyForDeploymentPostprocessing = 0;
		};
/* End PBXResourcesBuildPhase section */

/* Begin PBXSourcesBuildPhase section */
		687EB5821C302634006E849D /* Sources */ = {
			isa = PBXSourcesBuildPhase;
			buildActionMask = 2147483647;
			files = (
				687EB58E1C302634006E849D /* main.m in Sources */,
				687EB58B1C302634006E849D /* AppDelegate.m in Sources */,
			);
			runOnlyForDeploymentPostprocessing = 0;
		};
/* End PBXSourcesBuildPhase section */

/* Begin PBXVariantGroup section */
		687EB5911C302634006E849D /* MainMenu.xib */ = {
			isa = PBXVariantGroup;
			children = (
				687EB5921C302634006E849D /* Base */,
			);
			name = MainMenu.xib;
			sourceTree = "<group>";
		};
/* End PBXVariantGroup section */

/* Begin XCBuildConfiguration section */
		687EB5951C302634006E849D /* Debug */ = {
			isa = XCBuildConfiguration;
			buildSettings = {
				ALWAYS_SEARCH_USER_PATHS = NO;
				CLANG_CXX_LANGUAGE_STANDARD = "gnu++0x";
				CLANG_CXX_LIBRARY = "libc++";
				CLANG_ENABLE_MODULES = YES;
				CLANG_ENABLE_OBJC_ARC = YES;
				CLANG_WARN_BOOL_CONVERSION = YES;
				CLANG_WARN_CONSTANT_CONVERSION = YES;
				CLANG_WARN_DIRECT_OBJC_ISA_USAGE = YES_ERROR;
				CLANG_WARN_EMPTY_BODY = YES;
				CLANG_WARN_ENUM_CONVERSION = YES;
				CLANG_WARN_INT_CONVERSION = YES;
				CLANG_WARN_OBJC_ROOT_CLASS = YES_ERROR;
				CLANG_WARN_UNREACHABLE_CODE = YES;
				CLANG_WARN__DUPLICATE_METHOD_MATCH = YES;
				CODE_SIGN_IDENTITY = "-";
				COPY_PHASE_STRIP = NO;
				DEBUG_INFORMATION_FORMAT = dwarf;
				ENABLE_STRICT_OBJC_MSGSEND = YES;
				ENABLE_TESTABILITY = YES;
				GCC_C_LANGUAGE_STANDARD = gnu99;
				GCC_DYNAMIC_NO_PIC = NO;
				GCC_NO_COMMON_BLOCKS = YES;
				GCC_OPTIMIZATION_LEVEL = 0;
				GCC_PREPROCESSOR_DEFINITIONS = (
					"DEBUG=1",
					"$(inherited)",
				);
				GCC_WARN_64_TO_32_BIT_CONVERSION = YES;
				GCC_WARN_ABOUT_RETURN_TYPE = YES_ERROR;
				GCC_WARN_UNDECLARED_SELECTOR = YES;
				GCC_WARN_UNINITIALIZED_AUTOS = YES_AGGRESSIVE;
				GCC_WARN_UNUSED_FUNCTION = YES;
				GCC_WARN_UNUSED_VARIABLE = YES;
				MACOSX_DEPLOYMENT_TARGET = 10.11;
				MTL_ENABLE_DEBUG_INFO = YES;
				ONLY_ACTIVE_ARCH = YES;
				SDKROOT = macosx;
			};
			name = Debug;
		};
		687EB5961C302634006E849D /* Release */ = {
			isa = XCBuildConfiguration;
			buildSettings = {
				ALWAYS_SEARCH_USER_PATHS = NO;
				CLANG_CXX_LANGUAGE_STANDARD = "gnu++0x";
				CLANG_CXX_LIBRARY = "libc++";
				CLANG_ENABLE_MODULES = YES;
				CLANG_ENABLE_OBJC_ARC = YES;
				CLANG_WARN_BOOL_CONVERSION = YES;
				CLANG_WARN_CONSTANT_CONVERSION = YES;
				CLANG_WARN_DIRECT_OBJC_ISA_USAGE = YES_ERROR;
				CLANG_WARN_EMPTY_BODY = YES;
				CLANG_WARN_ENUM_CONVERSION = YES;
				CLANG_WARN_INT_CONVERSION = YES;
				CLANG_WARN_OBJC_ROOT_CLASS = YES_ERROR;
				CLANG_WARN_UNREACHABLE_CODE = YES;
				CLANG_WARN__DUPLICATE_METHOD_MATCH = YES;
				CODE_SIGN_IDENTITY = "-";
				COPY_PHASE_STRIP = NO;
				DEBUG_INFORMATION_FORMAT = "dwarf-with-dsym";
				ENABLE_NS_ASSERTIONS = NO;
				ENABLE_STRICT_OBJC_MSGSEND = YES;
				GCC_C_LANGUAGE_STANDARD = gnu99;
				GCC_NO_COMMON_BLOCKS = YES;
				GCC_WARN_64_TO_32_BIT_CONVERSION = YES;
				GCC_WARN_ABOUT_RETURN_TYPE = YES_ERROR;
				GCC_WARN_UNDECLARED_SELECTOR = YES;
				GCC_WARN_UNINITIALIZED_AUTOS = YES_AGGRESSIVE;
				GCC_WARN_UNUSED_FUNCTION = YES;
				GCC_WARN_UNUSED_VARIABLE = YES;
				MACOSX_DEPLOYMENT_TARGET = 10.11;
				MTL_ENABLE_DEBUG_INFO = NO;
				SDKROOT = macosx;
			};
			name = Release;
		};
		687EB5981C302634006E849D /* Debug */ = {
			isa = XCBuildConfiguration;
			buildSettings = {
				ASSETCATALOG_COMPILER_APPICON_NAME = AppIcon;
				COMBINE_HIDPI_IMAGES = YES;
				INFOPLIST_FILE = graphics_osx/Info.plist;
				LD_RUNPATH_SEARCH_PATHS = "$(inherited) @executable_path/../Frameworks";
				PRODUCT_BUNDLE_IDENTIFIER = "ocaml.graphics-osx";
				PRODUCT_NAME = "$(TARGET_NAME)";
			};
			name = Debug;
		};
		687EB5991C302634006E849D /* Release */ = {
			isa = XCBuildConfiguration;
			buildSettings = {
				ASSETCATALOG_COMPILER_APPICON_NAME = AppIcon;
				COMBINE_HIDPI_IMAGES = YES;
				INFOPLIST_FILE = graphics_osx/Info.plist;
				LD_RUNPATH_SEARCH_PATHS = "$(inherited) @executable_path/../Frameworks";
				PRODUCT_BUNDLE_IDENTIFIER = "ocaml.graphics-osx";
				PRODUCT_NAME = "$(TARGET_NAME)";
			};
			name = Release;
		};
/* End XCBuildConfiguration section */

/* Begin XCConfigurationList section */
		687EB5811C302634006E849D /* Build configuration list for PBXProject "graphics_osx" */ = {
			isa = XCConfigurationList;
			buildConfigurations = (
				687EB5951C302634006E849D /* Debug */,
				687EB5961C302634006E849D /* Release */,
			);
			defaultConfigurationIsVisible = 0;
			defaultConfigurationName = Release;
		};
		687EB5971C302634006E849D /* Build configuration list for PBXNativeTarget "graphics_osx" */ = {
			isa = XCConfigurationList;
			buildConfigurations = (
				687EB5981C302634006E849D /* Debug */,
				687EB5991C302634006E849D /* Release */,
			);
			defaultConfigurationIsVisible = 0;
		};
/* End XCConfigurationList section */
	};
	rootObject = 687EB57E1C302634006E849D /* Project object */;
}
